
Microsoft Visual Studio Solution File, Format Version 12.00
# Visual Studio Version 17
VisualStudioVersion = 17.11.35431.28
MinimumVisualStudioVersion = 10.0.40219.1
Project("{FAE04EC0-301F-11D3-BF4B-00C04F79EFBC}") = "AMS", "AMS.csproj", "{10631567-E3EC-40BE-B246-33A849D4BF51}"
EndProject
Project("{FAE04EC0-301F-11D3-BF4B-00C04F79EFBC}") = "BAMS", "..\BAMS\BAMS.csproj", "{DEE74C2F-1236-4D5F-825A-19EF8F619D34}"
EndProject
Project("{FAE04EC0-301F-11D3-BF4B-00C04F79EFBC}") = "DAMS", "..\DAMS\DAMS.csproj", "{8AA1A653-DE83-47A4-8573-E09F462EA7AB}"
EndProject
Global
	GlobalSection(SolutionConfigurationPlatforms) = preSolution
		Debug|Any CPU = Debug|Any CPU
		Release|Any CPU = Release|Any CPU
	EndGlobalSection
	GlobalSection(ProjectConfigurationPlatforms) = postSolution
		{10631567-E3EC-40BE-B246-33A849D4BF51}.Debug|Any CPU.ActiveCfg = Debug|Any CPU
		{10631567-E3EC-40BE-B246-33A849D4BF51}.Debug|Any CPU.Build.0 = Debug|Any CPU
		{10631567-E3EC-40BE-B246-33A849D4BF51}.Release|Any CPU.ActiveCfg = Release|Any CPU
		{10631567-E3EC-40BE-B246-33A849D4BF51}.Release|Any CPU.Build.0 = Release|Any CPU
		{DEE74C2F-1236-4D5F-825A-19EF8F619D34}.Debug|Any CPU.ActiveCfg = Debug|Any CPU
		{DEE74C2F-1236-4D5F-825A-19EF8F619D34}.Debug|Any CPU.Build.0 = Debug|Any CPU
		{DEE74C2F-1236-4D5F-825A-19EF8F619D34}.Release|Any CPU.ActiveCfg = Release|Any CPU
		{DEE74C2F-1236-4D5F-825A-19EF8F619D34}.Release|Any CPU.Build.0 = Release|Any CPU
		{8AA1A653-DE83-47A4-8573-E09F462EA7AB}.Debug|Any CPU.ActiveCfg = Debug|Any CPU
		{8AA1A653-DE83-47A4-8573-E09F462EA7AB}.Debug|Any CPU.Build.0 = Debug|Any CPU
		{8AA1A653-DE83-47A4-8573-E09F462EA7AB}.Release|Any CPU.ActiveCfg = Release|Any CPU
		{8AA1A653-DE83-47A4-8573-E09F462EA7AB}.Release|Any CPU.Build.0 = Release|Any CPU
	EndGlobalSection
	GlobalSection(SolutionProperties) = preSolution
		HideSolutionNode = FALSE
	EndGlobalSection
	GlobalSection(ExtensibilityGlobals) = postSolution
		SolutionGuid = {531D50CA-E68C-438B-AFC4-6D7D52D46735}
	EndGlobalSection
EndGlobal
